PODS:
  - LDZFWechatOpenSDK (0.1.1)

DEPENDENCIES:
  - LDZFWechatOpenSDK (from `../`)

EXTERNAL SOURCES:
  LDZFWechatOpenSDK:
    :path: "../"

SPEC CHECKSUMS:
  LDZFWechatOpenSDK: 57facb2385da0d6926964c90746480f73a851bdf

PODFILE CHECKSUM: 97814e4c0a4e63877279809f0f5811cb4c757c9d

COCOAPODS: 1.11.2
