PODS:
  - LDZFWechatOpenSDK (0.1.1)

DEPENDENCIES:
  - LDZFWechatOpenSDK (from `../`)

EXTERNAL SOURCES:
  LDZFWechatOpenSDK:
    :path: "../"

SPEC CHECKSUMS:
  LDZFWechatOpenSDK: 19970a4d3d039132c36531828ac58f6141c07e51

PODFILE CHECKSUM: 97814e4c0a4e63877279809f0f5811cb4c757c9d

COCOAPODS: 1.11.2
