PODS:
  - LDZFWechatOpenSDK (0.1.3)

DEPENDENCIES:
  - LDZFWechatOpenSDK (from `../`)

EXTERNAL SOURCES:
  LDZFWechatOpenSDK:
    :path: "../"

SPEC CHECKSUMS:
  LDZFWechatOpenSDK: 79a6abe3bb02b24d36b487b1cd3155bbf5038fa7

PODFILE CHECKSUM: e58808446ceb5900d5d67810526c085eca79dac4

COCOAPODS: 1.11.2
